
Microsoft Visual Studio Solution File, Format Version 12.00
# Visual Studio 15
VisualStudioVersion = 15.0.26730.16
MinimumVisualStudioVersion = 10.0.40219.1
Project("{9A19103F-16F7-4668-BE54-9A1E7A4F7556}") = "AGL.Test.Solution.Domain", "AGL.Test.Solution.Domain\AGL.Test.Solution.Domain.csproj", "{706F26C0-D715-4B71-8194-A55187A7FDEE}"
EndProject
Project("{9A19103F-16F7-4668-BE54-9A1E7A4F7556}") = "AGL.Test.Solution.Console", "AGL.Test.Solution.Console\AGL.Test.Solution.Console.csproj", "{83D22178-AABE-41D3-8FFE-555689A849E2}"
EndProject
Project("{9A19103F-16F7-4668-BE54-9A1E7A4F7556}") = "AGL.Test.Solution.XUnit.Tests", "AGL.Test.Solution.XUnit.Tests\AGL.Test.Solution.XUnit.Tests.csproj", "{4BF85606-30D4-4DB1-AA68-4BECE5BDDE5E}"
EndProject
Project("{9A19103F-16F7-4668-BE54-9A1E7A4F7556}") = "AGL.Test.Solution.Data.PetApi", "AGL.Test.Solution.Data.PetApi\AGL.Test.Solution.Data.PetApi.csproj", "{353EAEE2-DE15-4787-8871-6D228CAC7D8D}"
EndProject
Project("{FAE04EC0-301F-11D3-BF4B-00C04F79EFBC}") = "AGL.Common", "AGL.Common\AGL.Common.csproj", "{20BB5EE1-E585-4F32-8760-491E973F127D}"
EndProject
Global
	GlobalSection(SolutionConfigurationPlatforms) = preSolution
		Debug|Any CPU = Debug|Any CPU
		Release|Any CPU = Release|Any CPU
	EndGlobalSection
	GlobalSection(ProjectConfigurationPlatforms) = postSolution
		{706F26C0-D715-4B71-8194-A55187A7FDEE}.Debug|Any CPU.ActiveCfg = Debug|Any CPU
		{706F26C0-D715-4B71-8194-A55187A7FDEE}.Debug|Any CPU.Build.0 = Debug|Any CPU
		{706F26C0-D715-4B71-8194-A55187A7FDEE}.Release|Any CPU.ActiveCfg = Release|Any CPU
		{706F26C0-D715-4B71-8194-A55187A7FDEE}.Release|Any CPU.Build.0 = Release|Any CPU
		{83D22178-AABE-41D3-8FFE-555689A849E2}.Debug|Any CPU.ActiveCfg = Debug|Any CPU
		{83D22178-AABE-41D3-8FFE-555689A849E2}.Debug|Any CPU.Build.0 = Debug|Any CPU
		{83D22178-AABE-41D3-8FFE-555689A849E2}.Release|Any CPU.ActiveCfg = Release|Any CPU
		{83D22178-AABE-41D3-8FFE-555689A849E2}.Release|Any CPU.Build.0 = Release|Any CPU
		{4BF85606-30D4-4DB1-AA68-4BECE5BDDE5E}.Debug|Any CPU.ActiveCfg = Debug|Any CPU
		{4BF85606-30D4-4DB1-AA68-4BECE5BDDE5E}.Debug|Any CPU.Build.0 = Debug|Any CPU
		{4BF85606-30D4-4DB1-AA68-4BECE5BDDE5E}.Release|Any CPU.ActiveCfg = Release|Any CPU
		{4BF85606-30D4-4DB1-AA68-4BECE5BDDE5E}.Release|Any CPU.Build.0 = Release|Any CPU
		{353EAEE2-DE15-4787-8871-6D228CAC7D8D}.Debug|Any CPU.ActiveCfg = Debug|Any CPU
		{353EAEE2-DE15-4787-8871-6D228CAC7D8D}.Debug|Any CPU.Build.0 = Debug|Any CPU
		{353EAEE2-DE15-4787-8871-6D228CAC7D8D}.Release|Any CPU.ActiveCfg = Release|Any CPU
		{353EAEE2-DE15-4787-8871-6D228CAC7D8D}.Release|Any CPU.Build.0 = Release|Any CPU
		{20BB5EE1-E585-4F32-8760-491E973F127D}.Debug|Any CPU.ActiveCfg = Debug|Any CPU
		{20BB5EE1-E585-4F32-8760-491E973F127D}.Debug|Any CPU.Build.0 = Debug|Any CPU
		{20BB5EE1-E585-4F32-8760-491E973F127D}.Release|Any CPU.ActiveCfg = Release|Any CPU
		{20BB5EE1-E585-4F32-8760-491E973F127D}.Release|Any CPU.Build.0 = Release|Any CPU
	EndGlobalSection
	GlobalSection(SolutionProperties) = preSolution
		HideSolutionNode = FALSE
	EndGlobalSection
	GlobalSection(ExtensibilityGlobals) = postSolution
		SolutionGuid = {2F324D71-A9E3-4E89-B3C1-226FC47D6E8E}
	EndGlobalSection
EndGlobal
